
Microsoft Visual Studio Solution File, Format Version 12.00
# Visual Studio Version 17
VisualStudioVersion = 17.5.002.0
MinimumVisualStudioVersion = 10.0.40219.1
Project("{9A19103F-16F7-4668-BE54-9A1E7A4F7556}") = "test2", "test2.csproj", "{E80510C3-9C00-4283-8077-8C161184F974}"
EndProject
Global
	GlobalSection(SolutionConfigurationPlatforms) = preSolution
		Debug|Any CPU = Debug|Any CPU
		Release|Any CPU = Release|Any CPU
	EndGlobalSection
	GlobalSection(ProjectConfigurationPlatforms) = postSolution
		{E80510C3-9C00-4283-8077-8C161184F974}.Debug|Any CPU.ActiveCfg = Debug|Any CPU
		{E80510C3-9C00-4283-8077-8C161184F974}.Debug|Any CPU.Build.0 = Debug|Any CPU
		{E80510C3-9C00-4283-8077-8C161184F974}.Release|Any CPU.ActiveCfg = Release|Any CPU
		{E80510C3-9C00-4283-8077-8C161184F974}.Release|Any CPU.Build.0 = Release|Any CPU
	EndGlobalSection
	GlobalSection(SolutionProperties) = preSolution
		HideSolutionNode = FALSE
	EndGlobalSection
	GlobalSection(ExtensibilityGlobals) = postSolution
		SolutionGuid = {B25C9789-13F5-44DF-8F83-918B32A2106E}
	EndGlobalSection
EndGlobal
